PODS:
  - AFNetworking (4.0.1):
    - AFNetworking/NSURLSession (= 4.0.1)
    - AFNetworking/Reachability (= 4.0.1)
    - AFNetworking/Security (= 4.0.1)
    - AFNetworking/Serialization (= 4.0.1)
    - AFNetworking/UIKit (= 4.0.1)
  - AFNetworking/NSURLSession (4.0.1):
    - AFNetworking/Reachability
    - AFNetworking/Security
    - AFNetworking/Serialization
  - AFNetworking/Reachability (4.0.1)
  - AFNetworking/Security (4.0.1)
  - AFNetworking/Serialization (4.0.1)
  - AFNetworking/UIKit (4.0.1):
    - AFNetworking/NSURLSession
  - JKCategories (1.9.3):
    - JKCategories/CoreData (= 1.9.3)
    - JKCategories/CoreLocation (= 1.9.3)
    - JKCategories/Foundation (= 1.9.3)
    - JKCategories/MapKit (= 1.9.3)
    - JKCategories/QuartzCore (= 1.9.3)
    - JKCategories/UIKit (= 1.9.3)
  - JKCategories/CoreData (1.9.3):
    - JKCategories/CoreData/NSFetchRequest (= 1.9.3)
    - JKCategories/CoreData/NSManagedObject (= 1.9.3)
    - JKCategories/CoreData/NSManagedObjectContext (= 1.9.3)
  - JKCategories/CoreData/NSFetchRequest (1.9.3)
  - JKCategories/CoreData/NSManagedObject (1.9.3):
    - JKCategories/CoreData/NSManagedObjectContext
  - JKCategories/CoreData/NSManagedObjectContext (1.9.3):
    - JKCategories/CoreData/NSFetchRequest
  - JKCategories/CoreLocation (1.9.3):
    - JKCategories/CoreLocation/CLLocation (= 1.9.3)
  - JKCategories/CoreLocation/CLLocation (1.9.3)
  - JKCategories/Foundation (1.9.3):
    - JKCategories/Foundation/NSArray (= 1.9.3)
    - JKCategories/Foundation/NSBundle (= 1.9.3)
    - JKCategories/Foundation/NSData (= 1.9.3)
    - JKCategories/Foundation/NSDate (= 1.9.3)
    - JKCategories/Foundation/NSDateFormatter (= 1.9.3)
    - JKCategories/Foundation/NSDictionary (= 1.9.3)
    - JKCategories/Foundation/NSException (= 1.9.3)
    - JKCategories/Foundation/NSFileHandle (= 1.9.3)
    - JKCategories/Foundation/NSFileManager (= 1.9.3)
    - JKCategories/Foundation/NSHTTPCookieStorage (= 1.9.3)
    - JKCategories/Foundation/NSIndexPath (= 1.9.3)
    - JKCategories/Foundation/NSInvocation (= 1.9.3)
    - JKCategories/Foundation/NSNotificationCenter (= 1.9.3)
    - JKCategories/Foundation/NSNumber (= 1.9.3)
    - JKCategories/Foundation/NSObject (= 1.9.3)
    - JKCategories/Foundation/NSRunLoop (= 1.9.3)
    - JKCategories/Foundation/NSSet (= 1.9.3)
    - JKCategories/Foundation/NSString (= 1.9.3)
    - JKCategories/Foundation/NSTimer (= 1.9.3)
    - JKCategories/Foundation/NSURL (= 1.9.3)
    - JKCategories/Foundation/NSURLConnection (= 1.9.3)
    - JKCategories/Foundation/NSURLRequest (= 1.9.3)
    - JKCategories/Foundation/NSURLSession (= 1.9.3)
    - JKCategories/Foundation/NSUserDefaults (= 1.9.3)
  - JKCategories/Foundation/NSArray (1.9.3)
  - JKCategories/Foundation/NSBundle (1.9.3)
  - JKCategories/Foundation/NSData (1.9.3)
  - JKCategories/Foundation/NSDate (1.9.3)
  - JKCategories/Foundation/NSDateFormatter (1.9.3)
  - JKCategories/Foundation/NSDictionary (1.9.3)
  - JKCategories/Foundation/NSException (1.9.3)
  - JKCategories/Foundation/NSFileHandle (1.9.3)
  - JKCategories/Foundation/NSFileManager (1.9.3)
  - JKCategories/Foundation/NSHTTPCookieStorage (1.9.3)
  - JKCategories/Foundation/NSIndexPath (1.9.3)
  - JKCategories/Foundation/NSInvocation (1.9.3)
  - JKCategories/Foundation/NSNotificationCenter (1.9.3)
  - JKCategories/Foundation/NSNumber (1.9.3)
  - JKCategories/Foundation/NSObject (1.9.3)
  - JKCategories/Foundation/NSRunLoop (1.9.3)
  - JKCategories/Foundation/NSSet (1.9.3)
  - JKCategories/Foundation/NSString (1.9.3):
    - JKCategories/Foundation/NSData
  - JKCategories/Foundation/NSTimer (1.9.3)
  - JKCategories/Foundation/NSURL (1.9.3)
  - JKCategories/Foundation/NSURLConnection (1.9.3)
  - JKCategories/Foundation/NSURLRequest (1.9.3)
  - JKCategories/Foundation/NSURLSession (1.9.3)
  - JKCategories/Foundation/NSUserDefaults (1.9.3)
  - JKCategories/MapKit (1.9.3):
    - JKCategories/MapKit/MKMapView (= 1.9.3)
  - JKCategories/MapKit/MKMapView (1.9.3)
  - JKCategories/QuartzCore (1.9.3):
    - JKCategories/QuartzCore/CAAnimation (= 1.9.3)
    - JKCategories/QuartzCore/CALayer (= 1.9.3)
    - JKCategories/QuartzCore/CAMediaTimingFunction (= 1.9.3)
    - JKCategories/QuartzCore/CAShapeLayer (= 1.9.3)
    - JKCategories/QuartzCore/CATransaction (= 1.9.3)
  - JKCategories/QuartzCore/CAAnimation (1.9.3)
  - JKCategories/QuartzCore/CALayer (1.9.3)
  - JKCategories/QuartzCore/CAMediaTimingFunction (1.9.3)
  - JKCategories/QuartzCore/CAShapeLayer (1.9.3)
  - JKCategories/QuartzCore/CATransaction (1.9.3)
  - JKCategories/UIKit (1.9.3):
    - JKCategories/UIKit/UIApplication (= 1.9.3)
    - JKCategories/UIKit/UIBarButtonItem (= 1.9.3)
    - JKCategories/UIKit/UIBezierPath (= 1.9.3)
    - JKCategories/UIKit/UIButton (= 1.9.3)
    - JKCategories/UIKit/UIColor (= 1.9.3)
    - JKCategories/UIKit/UIControl (= 1.9.3)
    - JKCategories/UIKit/UIDevice (= 1.9.3)
    - JKCategories/UIKit/UIFont (= 1.9.3)
    - JKCategories/UIKit/UIImage (= 1.9.3)
    - JKCategories/UIKit/UIImageView (= 1.9.3)
    - JKCategories/UIKit/UILable (= 1.9.3)
    - JKCategories/UIKit/UINavigationBar (= 1.9.3)
    - JKCategories/UIKit/UINavigationController (= 1.9.3)
    - JKCategories/UIKit/UINavigationItem (= 1.9.3)
    - JKCategories/UIKit/UIPopoverController (= 1.9.3)
    - JKCategories/UIKit/UIResponder (= 1.9.3)
    - JKCategories/UIKit/UIScreen (= 1.9.3)
    - JKCategories/UIKit/UIScrollView (= 1.9.3)
    - JKCategories/UIKit/UISearchBar (= 1.9.3)
    - JKCategories/UIKit/UISplitViewController (= 1.9.3)
    - JKCategories/UIKit/UITableView (= 1.9.3)
    - JKCategories/UIKit/UITableViewCell (= 1.9.3)
    - JKCategories/UIKit/UITextField (= 1.9.3)
    - JKCategories/UIKit/UITextView (= 1.9.3)
    - JKCategories/UIKit/UIView (= 1.9.3)
    - JKCategories/UIKit/UIViewController (= 1.9.3)
    - JKCategories/UIKit/UIWindow (= 1.9.3)
  - JKCategories/UIKit/UIApplication (1.9.3)
  - JKCategories/UIKit/UIBarButtonItem (1.9.3)
  - JKCategories/UIKit/UIBezierPath (1.9.3)
  - JKCategories/UIKit/UIButton (1.9.3)
  - JKCategories/UIKit/UIColor (1.9.3)
  - JKCategories/UIKit/UIControl (1.9.3)
  - JKCategories/UIKit/UIDevice (1.9.3)
  - JKCategories/UIKit/UIFont (1.9.3)
  - JKCategories/UIKit/UIImage (1.9.3)
  - JKCategories/UIKit/UIImageView (1.9.3)
  - JKCategories/UIKit/UILable (1.9.3)
  - JKCategories/UIKit/UINavigationBar (1.9.3)
  - JKCategories/UIKit/UINavigationController (1.9.3)
  - JKCategories/UIKit/UINavigationItem (1.9.3)
  - JKCategories/UIKit/UIPopoverController (1.9.3)
  - JKCategories/UIKit/UIResponder (1.9.3)
  - JKCategories/UIKit/UIScreen (1.9.3)
  - JKCategories/UIKit/UIScrollView (1.9.3)
  - JKCategories/UIKit/UISearchBar (1.9.3)
  - JKCategories/UIKit/UISplitViewController (1.9.3)
  - JKCategories/UIKit/UITableView (1.9.3)
  - JKCategories/UIKit/UITableViewCell (1.9.3)
  - JKCategories/UIKit/UITextField (1.9.3)
  - JKCategories/UIKit/UITextView (1.9.3)
  - JKCategories/UIKit/UIView (1.9.3)
  - JKCategories/UIKit/UIViewController (1.9.3)
  - JKCategories/UIKit/UIWindow (1.9.3)
  - LCProgressHUD (1.0.8):
    - MBProgressHUD (~> 0.9.2)
  - Masonry (1.1.0)
  - MBProgressHUD (0.9.2)
  - MJExtension (3.4.1)
  - SDWebImage (5.13.2):
    - SDWebImage/Core (= 5.13.2)
  - SDWebImage/Core (5.13.2)

DEPENDENCIES:
  - AFNetworking
  - JKCategories
  - LCProgressHUD
  - Masonry
  - MJExtension
  - SDWebImage

SPEC REPOS:
  https://gitee.com/mirrors/CocoaPods-Specs.git:
    - AFNetworking
    - JKCategories
    - LCProgressHUD
    - Masonry
    - MBProgressHUD
    - MJExtension
    - SDWebImage

SPEC CHECKSUMS:
  AFNetworking: 7864c38297c79aaca1500c33288e429c3451fdce
  JKCategories: c995567f04ff98680313f56544e6cb62d3152733
  LCProgressHUD: c79809d917bf9cc1cd1cdfc4d91a44c8dbfa5692
  Masonry: 678fab65091a9290e40e2832a55e7ab731aad201
  MBProgressHUD: 1569cf7ace17a8bac47aabfbb8580a49690386d1
  MJExtension: 21c5f6f8c4d5d8844b7ae8fbae08fed0b501f961
  SDWebImage: 72f86271a6f3139cc7e4a89220946489d4b9a866

PODFILE CHECKSUM: bcfd13b82b723d6ca7a95a5e8ab390dc6284feeb

COCOAPODS: 1.11.3
